// !$*UTF8*$!
{
	archiveVersion = 1;
	classes = {
	};
	objectVersion = 46;
	objects = {

/* Begin PBXBuildFile section */
		373A5A0716C9D0E4006BDB91 /* UIKit.framework in Frameworks */ = {isa = PBXBuildFile; fileRef = 373A5A0616C9D0E4006BDB91 /* UIKit.framework */; };
		373A5A0916C9D0E4006BDB91 /* Foundation.framework in Frameworks */ = {isa = PBXBuildFile; fileRef = 373A5A0816C9D0E4006BDB91 /* Foundation.framework */; };
		373A5A0B16C9D0E4006BDB91 /* CoreGraphics.framework in Frameworks */ = {isa = PBXBuildFile; fileRef = 373A5A0A16C9D0E4006BDB91 /* CoreGraphics.framework */; };
		373A5A1116C9D0E4006BDB91 /* InfoPlist.strings in Resources */ = {isa = PBXBuildFile; fileRef = 373A5A0F16C9D0E4006BDB91 /* InfoPlist.strings */; };
		373A5A1316C9D0E4006BDB91 /* main.m in Sources */ = {isa = PBXBuildFile; fileRef = 373A5A1216C9D0E4006BDB91 /* main.m */; };
		373A5A1716C9D0E4006BDB91 /* matchgameAppDelegate.m in Sources */ = {isa = PBXBuildFile; fileRef = 373A5A1616C9D0E4006BDB91 /* matchgameAppDelegate.m */; };
		373A5A1916C9D0E4006BDB91 /* Default.png in Resources */ = {isa = PBXBuildFile; fileRef = 373A5A1816C9D0E4006BDB91 /* Default.png */; };
		373A5A1B16C9D0E4006BDB91 /* Default@2x.png in Resources */ = {isa = PBXBuildFile; fileRef = 373A5A1A16C9D0E4006BDB91 /* Default@2x.png */; };
		373A5A1D16C9D0E4006BDB91 /* Default-568h@2x.png in Resources */ = {isa = PBXBuildFile; fileRef = 373A5A1C16C9D0E4006BDB91 /* Default-568h@2x.png */; };
		373A5A2016C9D0E4006BDB91 /* MainStoryboard.storyboard in Resources */ = {isa = PBXBuildFile; fileRef = 373A5A1E16C9D0E4006BDB91 /* MainStoryboard.storyboard */; };
		373A5A2316C9D0E5006BDB91 /* matchgameViewController.m in Sources */ = {isa = PBXBuildFile; fileRef = 373A5A2216C9D0E5006BDB91 /* matchgameViewController.m */; };
/* End PBXBuildFile section */

/* Begin PBXFileReference section */
		373A5A0316C9D0E4006BDB91 /* matchgame.app */ = {isa = PBXFileReference; explicitFileType = wrapper.application; includeInIndex = 0; path = matchgame.app; sourceTree = BUILT_PRODUCTS_DIR; };
		373A5A0616C9D0E4006BDB91 /* UIKit.framework */ = {isa = PBXFileReference; lastKnownFileType = wrapper.framework; name = UIKit.framework; path = System/Library/Frameworks/UIKit.framework; sourceTree = SDKROOT; };
		373A5A0816C9D0E4006BDB91 /* Foundation.framework */ = {isa = PBXFileReference; lastKnownFileType = wrapper.framework; name = Foundation.framework; path = System/Library/Frameworks/Foundation.framework; sourceTree = SDKROOT; };
		373A5A0A16C9D0E4006BDB91 /* CoreGraphics.framework */ = {isa = PBXFileReference; lastKnownFileType = wrapper.framework; name = CoreGraphics.framework; path = System/Library/Frameworks/CoreGraphics.framework; sourceTree = SDKROOT; };
		373A5A0E16C9D0E4006BDB91 /* matchgame-Info.plist */ = {isa = PBXFileReference; lastKnownFileType = text.plist.xml; path = "matchgame-Info.plist"; sourceTree = "<group>"; };
		373A5A1016C9D0E4006BDB91 /* en */ = {isa = PBXFileReference; lastKnownFileType = text.plist.strings; name = en; path = en.lproj/InfoPlist.strings; sourceTree = "<group>"; };
		373A5A1216C9D0E4006BDB91 /* main.m */ = {isa = PBXFileReference; lastKnownFileType = sourcecode.c.objc; path = main.m; sourceTree = "<group>"; };
		373A5A1416C9D0E4006BDB91 /* matchgame-Prefix.pch */ = {isa = PBXFileReference; lastKnownFileType = sourcecode.c.h; path = "matchgame-Prefix.pch"; sourceTree = "<group>"; };
		373A5A1516C9D0E4006BDB91 /* matchgameAppDelegate.h */ = {isa = PBXFileReference; lastKnownFileType = sourcecode.c.h; path = matchgameAppDelegate.h; sourceTree = "<group>"; };
		373A5A1616C9D0E4006BDB91 /* matchgameAppDelegate.m */ = {isa = PBXFileReference; lastKnownFileType = sourcecode.c.objc; path = matchgameAppDelegate.m; sourceTree = "<group>"; };
		373A5A1816C9D0E4006BDB91 /* Default.png */ = {isa = PBXFileReference; lastKnownFileType = image.png; path = Default.png; sourceTree = "<group>"; };
		373A5A1A16C9D0E4006BDB91 /* Default@2x.png */ = {isa = PBXFileReference; lastKnownFileType = image.png; path = "Default@2x.png"; sourceTree = "<group>"; };
		373A5A1C16C9D0E4006BDB91 /* Default-568h@2x.png */ = {isa = PBXFileReference; lastKnownFileType = image.png; path = "Default-568h@2x.png"; sourceTree = "<group>"; };
		373A5A1F16C9D0E4006BDB91 /* en */ = {isa = PBXFileReference; lastKnownFileType = file.storyboard; name = en; path = en.lproj/MainStoryboard.storyboard; sourceTree = "<group>"; };
		373A5A2116C9D0E4006BDB91 /* matchgameViewController.h */ = {isa = PBXFileReference; lastKnownFileType = sourcecode.c.h; path = matchgameViewController.h; sourceTree = "<group>"; };
		373A5A2216C9D0E5006BDB91 /* matchgameViewController.m */ = {isa = PBXFileReference; lastKnownFileType = sourcecode.c.objc; path = matchgameViewController.m; sourceTree = "<group>"; };
/* End PBXFileReference section */

/* Begin PBXFrameworksBuildPhase section */
		373A5A0016C9D0E4006BDB91 /* Frameworks */ = {
			isa = PBXFrameworksBuildPhase;
			buildActionMask = 2147483647;
			files = (
				373A5A0716C9D0E4006BDB91 /* UIKit.framework in Frameworks */,
				373A5A0916C9D0E4006BDB91 /* Foundation.framework in Frameworks */,
				373A5A0B16C9D0E4006BDB91 /* CoreGraphics.framework in Frameworks */,
			);
			runOnlyForDeploymentPostprocessing = 0;
		};
/* End PBXFrameworksBuildPhase section */

/* Begin PBXGroup section */
		373A59FA16C9D0E4006BDB91 = {
			isa = PBXGroup;
			children = (
				373A5A0C16C9D0E4006BDB91 /* matchgame */,
				373A5A0516C9D0E4006BDB91 /* Frameworks */,
				373A5A0416C9D0E4006BDB91 /* Products */,
			);
			sourceTree = "<group>";
		};
		373A5A0416C9D0E4006BDB91 /* Products */ = {
			isa = PBXGroup;
			children = (
				373A5A0316C9D0E4006BDB91 /* matchgame.app */,
			);
			name = Products;
			sourceTree = "<group>";
		};
		373A5A0516C9D0E4006BDB91 /* Frameworks */ = {
			isa = PBXGroup;
			children = (
				373A5A0616C9D0E4006BDB91 /* UIKit.framework */,
				373A5A0816C9D0E4006BDB91 /* Foundation.framework */,
				373A5A0A16C9D0E4006BDB91 /* CoreGraphics.framework */,
			);
			name = Frameworks;
			sourceTree = "<group>";
		};
		373A5A0C16C9D0E4006BDB91 /* matchgame */ = {
			isa = PBXGroup;
			children = (
				373A5A1516C9D0E4006BDB91 /* matchgameAppDelegate.h */,
				373A5A1616C9D0E4006BDB91 /* matchgameAppDelegate.m */,
				373A5A1E16C9D0E4006BDB91 /* MainStoryboard.storyboard */,
				37B1A73E16C9DFBB00ACD978 /* Model */,
				373A5A2116C9D0E4006BDB91 /* matchgameViewController.h */,
				373A5A2216C9D0E5006BDB91 /* matchgameViewController.m */,
				373A5A0D16C9D0E4006BDB91 /* Supporting Files */,
			);
			path = matchgame;
			sourceTree = "<group>";
		};
		373A5A0D16C9D0E4006BDB91 /* Supporting Files */ = {
			isa = PBXGroup;
			children = (
				373A5A0E16C9D0E4006BDB91 /* matchgame-Info.plist */,
				373A5A0F16C9D0E4006BDB91 /* InfoPlist.strings */,
				373A5A1216C9D0E4006BDB91 /* main.m */,
				373A5A1416C9D0E4006BDB91 /* matchgame-Prefix.pch */,
				373A5A1816C9D0E4006BDB91 /* Default.png */,
				373A5A1A16C9D0E4006BDB91 /* Default@2x.png */,
				373A5A1C16C9D0E4006BDB91 /* Default-568h@2x.png */,
			);
			name = "Supporting Files";
			sourceTree = "<group>";
		};
		37B1A73E16C9DFBB00ACD978 /* Model */ = {
			isa = PBXGroup;
			children = (
			);
			name = Model;
			sourceTree = "<group>";
		};
/* End PBXGroup section */

/* Begin PBXNativeTarget section */
		373A5A0216C9D0E4006BDB91 /* matchgame */ = {
			isa = PBXNativeTarget;
			buildConfigurationList = 373A5A2616C9D0E5006BDB91 /* Build configuration list for PBXNativeTarget "matchgame" */;
			buildPhases = (
				373A59FF16C9D0E4006BDB91 /* Sources */,
				373A5A0016C9D0E4006BDB91 /* Frameworks */,
				373A5A0116C9D0E4006BDB91 /* Resources */,
			);
			buildRules = (
			);
			dependencies = (
			);
			name = matchgame;
			productName = matchgame;
			productReference = 373A5A0316C9D0E4006BDB91 /* matchgame.app */;
			productType = "com.apple.product-type.application";
		};
/* End PBXNativeTarget section */

/* Begin PBXProject section */
		373A59FB16C9D0E4006BDB91 /* Project object */ = {
			isa = PBXProject;
			attributes = {
				CLASSPREFIX = matchgame;
				LastUpgradeCheck = 0460;
				ORGANIZATIONNAME = "Peter Revelas";
			};
			buildConfigurationList = 373A59FE16C9D0E4006BDB91 /* Build configuration list for PBXProject "matchgame" */;
			compatibilityVersion = "Xcode 3.2";
			developmentRegion = English;
			hasScannedForEncodings = 0;
			knownRegions = (
				en,
			);
			mainGroup = 373A59FA16C9D0E4006BDB91;
			productRefGroup = 373A5A0416C9D0E4006BDB91 /* Products */;
			projectDirPath = "";
			projectRoot = "";
			targets = (
				373A5A0216C9D0E4006BDB91 /* matchgame */,
			);
		};
/* End PBXProject section */

/* Begin PBXResourcesBuildPhase section */
		373A5A0116C9D0E4006BDB91 /* Resources */ = {
			isa = PBXResourcesBuildPhase;
			buildActionMask = 2147483647;
			files = (
				373A5A1116C9D0E4006BDB91 /* InfoPlist.strings in Resources */,
				373A5A1916C9D0E4006BDB91 /* Default.png in Resources */,
				373A5A1B16C9D0E4006BDB91 /* Default@2x.png in Resources */,
				373A5A1D16C9D0E4006BDB91 /* Default-568h@2x.png in Resources */,
				373A5A2016C9D0E4006BDB91 /* MainStoryboard.storyboard in Resources */,
			);
			runOnlyForDeploymentPostprocessing = 0;
		};
/* End PBXResourcesBuildPhase section */

/* Begin PBXSourcesBuildPhase section */
		373A59FF16C9D0E4006BDB91 /* Sources */ = {
			isa = PBXSourcesBuildPhase;
			buildActionMask = 2147483647;
			files = (
				373A5A1316C9D0E4006BDB91 /* main.m in Sources */,
				373A5A1716C9D0E4006BDB91 /* matchgameAppDelegate.m in Sources */,
				373A5A2316C9D0E5006BDB91 /* matchgameViewController.m in Sources */,
			);
			runOnlyForDeploymentPostprocessing = 0;
		};
/* End PBXSourcesBuildPhase section */

/* Begin PBXVariantGroup section */
		373A5A0F16C9D0E4006BDB91 /* InfoPlist.strings */ = {
			isa = PBXVariantGroup;
			children = (
				373A5A1016C9D0E4006BDB91 /* en */,
			);
			name = InfoPlist.strings;
			sourceTree = "<group>";
		};
		373A5A1E16C9D0E4006BDB91 /* MainStoryboard.storyboard */ = {
			isa = PBXVariantGroup;
			children = (
				373A5A1F16C9D0E4006BDB91 /* en */,
			);
			name = MainStoryboard.storyboard;
			sourceTree = "<group>";
		};
/* End PBXVariantGroup section */

/* Begin XCBuildConfiguration section */
		373A5A2416C9D0E5006BDB91 /* Debug */ = {
			isa = XCBuildConfiguration;
			buildSettings = {
				ALWAYS_SEARCH_USER_PATHS = NO;
				CLANG_CXX_LANGUAGE_STANDARD = "gnu++0x";
				CLANG_CXX_LIBRARY = "libc++";
				CLANG_ENABLE_OBJC_ARC = YES;
				CLANG_WARN_CONSTANT_CONVERSION = YES;
				CLANG_WARN_EMPTY_BODY = YES;
				CLANG_WARN_ENUM_CONVERSION = YES;
				CLANG_WARN_INT_CONVERSION = YES;
				CLANG_WARN__DUPLICATE_METHOD_MATCH = YES;
				"CODE_SIGN_IDENTITY[sdk=iphoneos*]" = "iPhone Developer";
				COPY_PHASE_STRIP = NO;
				GCC_C_LANGUAGE_STANDARD = gnu99;
				GCC_DYNAMIC_NO_PIC = NO;
				GCC_OPTIMIZATION_LEVEL = 0;
				GCC_PREPROCESSOR_DEFINITIONS = (
					"DEBUG=1",
					"$(inherited)",
				);
				GCC_SYMBOLS_PRIVATE_EXTERN = NO;
				GCC_WARN_ABOUT_RETURN_TYPE = YES;
				GCC_WARN_UNINITIALIZED_AUTOS = YES;
				GCC_WARN_UNUSED_VARIABLE = YES;
				IPHONEOS_DEPLOYMENT_TARGET = 6.1;
				ONLY_ACTIVE_ARCH = YES;
				SDKROOT = iphoneos;
			};
			name = Debug;
		};
		373A5A2516C9D0E5006BDB91 /* Release */ = {
			isa = XCBuildConfiguration;
			buildSettings = {
				ALWAYS_SEARCH_USER_PATHS = NO;
				CLANG_CXX_LANGUAGE_STANDARD = "gnu++0x";
				CLANG_CXX_LIBRARY = "libc++";
				CLANG_ENABLE_OBJC_ARC = YES;
				CLANG_WARN_CONSTANT_CONVERSION = YES;
				CLANG_WARN_EMPTY_BODY = YES;
				CLANG_WARN_ENUM_CONVERSION = YES;
				CLANG_WARN_INT_CONVERSION = YES;
				CLANG_WARN__DUPLICATE_METHOD_MATCH = YES;
				"CODE_SIGN_IDENTITY[sdk=iphoneos*]" = "iPhone Developer";
				COPY_PHASE_STRIP = YES;
				GCC_C_LANGUAGE_STANDARD = gnu99;
				GCC_WARN_ABOUT_RETURN_TYPE = YES;
				GCC_WARN_UNINITIALIZED_AUTOS = YES;
				GCC_WARN_UNUSED_VARIABLE = YES;
				IPHONEOS_DEPLOYMENT_TARGET = 6.1;
				OTHER_CFLAGS = "-DNS_BLOCK_ASSERTIONS=1";
				SDKROOT = iphoneos;
				VALIDATE_PRODUCT = YES;
			};
			name = Release;
		};
		373A5A2716C9D0E5006BDB91 /* Debug */ = {
			isa = XCBuildConfiguration;
			buildSettings = {
				GCC_PRECOMPILE_PREFIX_HEADER = YES;
				GCC_PREFIX_HEADER = "matchgame/matchgame-Prefix.pch";
				INFOPLIST_FILE = "matchgame/matchgame-Info.plist";
				PRODUCT_NAME = "$(TARGET_NAME)";
				WRAPPER_EXTENSION = app;
			};
			name = Debug;
		};
		373A5A2816C9D0E5006BDB91 /* Release */ = {
			isa = XCBuildConfiguration;
			buildSettings = {
				GCC_PRECOMPILE_PREFIX_HEADER = YES;
				GCC_PREFIX_HEADER = "matchgame/matchgame-Prefix.pch";
				INFOPLIST_FILE = "matchgame/matchgame-Info.plist";
				PRODUCT_NAME = "$(TARGET_NAME)";
				WRAPPER_EXTENSION = app;
			};
			name = Release;
		};
/* End XCBuildConfiguration section */

/* Begin XCConfigurationList section */
		373A59FE16C9D0E4006BDB91 /* Build configuration list for PBXProject "matchgame" */ = {
			isa = XCConfigurationList;
			buildConfigurations = (
				373A5A2416C9D0E5006BDB91 /* Debug */,
				373A5A2516C9D0E5006BDB91 /* Release */,
			);
			defaultConfigurationIsVisible = 0;
			defaultConfigurationName = Release;
		};
		373A5A2616C9D0E5006BDB91 /* Build configuration list for PBXNativeTarget "matchgame" */ = {
			isa = XCConfigurationList;
			buildConfigurations = (
				373A5A2716C9D0E5006BDB91 /* Debug */,
				373A5A2816C9D0E5006BDB91 /* Release */,
			);
			defaultConfigurationIsVisible = 0;
			defaultConfigurationName = Release;
		};
/* End XCConfigurationList section */
	};
	rootObject = 373A59FB16C9D0E4006BDB91 /* Project object */;
}
